
Microsoft Visual Studio Solution File, Format Version 12.00
# Visual Studio Version 16
VisualStudioVersion = 16.0.28803.202
MinimumVisualStudioVersion = 10.0.40219.1
Project("{FAE04EC0-301F-11D3-BF4B-00C04F79EFBC}") = "Mouse Faking", "Mouse Faking\Mouse Faking.csproj", "{C8501583-1B5C-4B1E-8EFB-92F9BFD835A2}"
EndProject
Global
	GlobalSection(SolutionConfigurationPlatforms) = preSolution
		Debug|Any CPU = Debug|Any CPU
		Release|Any CPU = Release|Any CPU
	EndGlobalSection
	GlobalSection(ProjectConfigurationPlatforms) = postSolution
		{C8501583-1B5C-4B1E-8EFB-92F9BFD835A2}.Debug|Any CPU.ActiveCfg = Debug|Any CPU
		{C8501583-1B5C-4B1E-8EFB-92F9BFD835A2}.Debug|Any CPU.Build.0 = Debug|Any CPU
		{C8501583-1B5C-4B1E-8EFB-92F9BFD835A2}.Release|Any CPU.ActiveCfg = Release|Any CPU
		{C8501583-1B5C-4B1E-8EFB-92F9BFD835A2}.Release|Any CPU.Build.0 = Release|Any CPU
	EndGlobalSection
	GlobalSection(SolutionProperties) = preSolution
		HideSolutionNode = FALSE
	EndGlobalSection
	GlobalSection(ExtensibilityGlobals) = postSolution
		SolutionGuid = {5B10FFDB-01EE-46F3-ABB5-B64842F72874}
	EndGlobalSection
EndGlobal
